{
  "originHash" : "ca4431b6374cf31dc484272442dcd3ae53bacc7cd6ce685cc1663acbca593509",
  "pins" : [
    {
      "identity" : "fuse-swift",
      "kind" : "remoteSourceControl",
      "location" : "https://github.com/krisk/fuse-swift",
      "state" : {
        "revision" : "26ba868691b2d8b7bf2b1322951eb591be70ccca",
        "version" : "1.4.0"
      }
    },
    {
      "identity" : "swiftlintplugins",
      "kind" : "remoteSourceControl",
      "location" : "https://github.com/SimplyDanny/SwiftLintPlugins",
      "state" : {
        "revision" : "8545ddf4de043e6f2051c5cf204f39ef778ebf6b",
        "version" : "0.59.1"
      }
    }
  ],
  "version" : 3
}
